
Microsoft Visual Studio Solution File, Format Version 12.00
# Visual Studio Version 17
VisualStudioVersion = 17.7.34221.43
MinimumVisualStudioVersion = 10.0.40219.1
Project("{FAE04EC0-301F-11D3-BF4B-00C04F79EFBC}") = "CalcLib", "CalcLib\CalcLib.csproj", "{84CBC983-E41D-43B8-9BCE-C585E0EA57F3}"
EndProject
Project("{FAE04EC0-301F-11D3-BF4B-00C04F79EFBC}") = "SpecFlowProject", "SpecFlowProject\SpecFlowProject.csproj", "{3DC77FB9-6EF1-42A7-AD02-EF76479F9260}"
EndProject
Global
	GlobalSection(SolutionConfigurationPlatforms) = preSolution
		Debug|Any CPU = Debug|Any CPU
		Release|Any CPU = Release|Any CPU
	EndGlobalSection
	GlobalSection(ProjectConfigurationPlatforms) = postSolution
		{84CBC983-E41D-43B8-9BCE-C585E0EA57F3}.Debug|Any CPU.ActiveCfg = Debug|Any CPU
		{84CBC983-E41D-43B8-9BCE-C585E0EA57F3}.Debug|Any CPU.Build.0 = Debug|Any CPU
		{84CBC983-E41D-43B8-9BCE-C585E0EA57F3}.Release|Any CPU.ActiveCfg = Release|Any CPU
		{84CBC983-E41D-43B8-9BCE-C585E0EA57F3}.Release|Any CPU.Build.0 = Release|Any CPU
		{3DC77FB9-6EF1-42A7-AD02-EF76479F9260}.Debug|Any CPU.ActiveCfg = Debug|Any CPU
		{3DC77FB9-6EF1-42A7-AD02-EF76479F9260}.Debug|Any CPU.Build.0 = Debug|Any CPU
		{3DC77FB9-6EF1-42A7-AD02-EF76479F9260}.Release|Any CPU.ActiveCfg = Release|Any CPU
		{3DC77FB9-6EF1-42A7-AD02-EF76479F9260}.Release|Any CPU.Build.0 = Release|Any CPU
	EndGlobalSection
	GlobalSection(SolutionProperties) = preSolution
		HideSolutionNode = FALSE
	EndGlobalSection
	GlobalSection(ExtensibilityGlobals) = postSolution
		SolutionGuid = {1FD08F23-AC83-4595-A157-96DF013C7A07}
	EndGlobalSection
EndGlobal
